
Microsoft Visual Studio Solution File, Format Version 12.00
# Visual Studio 14
VisualStudioVersion = 14.0.25420.1
MinimumVisualStudioVersion = 10.0.40219.1
Project("{FAE04EC0-301F-11D3-BF4B-00C04F79EFBC}") = "ModuleOne", "ModuleOne\ModuleOne.csproj", "{59668055-CB38-4338-9861-6B996C92886F}"
EndProject
Project("{FAE04EC0-301F-11D3-BF4B-00C04F79EFBC}") = "ModularWebApi", "ModularWebApi\ModularWebApi.csproj", "{EC6D9873-9760-460E-B291-50916DDEE7A4}"
EndProject
Global
	GlobalSection(SolutionConfigurationPlatforms) = preSolution
		Debug|Any CPU = Debug|Any CPU
		Release|Any CPU = Release|Any CPU
	EndGlobalSection
	GlobalSection(ProjectConfigurationPlatforms) = postSolution
		{59668055-CB38-4338-9861-6B996C92886F}.Debug|Any CPU.ActiveCfg = Debug|Any CPU
		{59668055-CB38-4338-9861-6B996C92886F}.Debug|Any CPU.Build.0 = Debug|Any CPU
		{59668055-CB38-4338-9861-6B996C92886F}.Release|Any CPU.ActiveCfg = Release|Any CPU
		{59668055-CB38-4338-9861-6B996C92886F}.Release|Any CPU.Build.0 = Release|Any CPU
		{EC6D9873-9760-460E-B291-50916DDEE7A4}.Debug|Any CPU.ActiveCfg = Debug|Any CPU
		{EC6D9873-9760-460E-B291-50916DDEE7A4}.Debug|Any CPU.Build.0 = Debug|Any CPU
		{EC6D9873-9760-460E-B291-50916DDEE7A4}.Release|Any CPU.ActiveCfg = Release|Any CPU
		{EC6D9873-9760-460E-B291-50916DDEE7A4}.Release|Any CPU.Build.0 = Release|Any CPU
	EndGlobalSection
	GlobalSection(SolutionProperties) = preSolution
		HideSolutionNode = FALSE
	EndGlobalSection
EndGlobal
